
Microsoft Visual Studio Solution File, Format Version 12.00
# Visual Studio Version 17
VisualStudioVersion = 17.6.33723.286
MinimumVisualStudioVersion = 10.0.40219.1
Project("{FAE04EC0-301F-11D3-BF4B-00C04F79EFBC}") = "BookShopWPF", "BookShopWPF.csproj", "{27CC013C-2DD0-4AEE-BD52-ADE7FA619F76}"
EndProject
Global
	GlobalSection(SolutionConfigurationPlatforms) = preSolution
		Debug|Any CPU = Debug|Any CPU
		Release|Any CPU = Release|Any CPU
	EndGlobalSection
	GlobalSection(ProjectConfigurationPlatforms) = postSolution
		{27CC013C-2DD0-4AEE-BD52-ADE7FA619F76}.Debug|Any CPU.ActiveCfg = Debug|Any CPU
		{27CC013C-2DD0-4AEE-BD52-ADE7FA619F76}.Debug|Any CPU.Build.0 = Debug|Any CPU
		{27CC013C-2DD0-4AEE-BD52-ADE7FA619F76}.Release|Any CPU.ActiveCfg = Release|Any CPU
		{27CC013C-2DD0-4AEE-BD52-ADE7FA619F76}.Release|Any CPU.Build.0 = Release|Any CPU
	EndGlobalSection
	GlobalSection(SolutionProperties) = preSolution
		HideSolutionNode = FALSE
	EndGlobalSection
	GlobalSection(ExtensibilityGlobals) = postSolution
		SolutionGuid = {5EE29882-BA83-4350-9FA3-E4EBA55189F1}
	EndGlobalSection
EndGlobal
